
Microsoft Visual Studio Solution File, Format Version 12.00
# Visual Studio Version 16
VisualStudioVersion = 16.0.30011.22
MinimumVisualStudioVersion = 10.0.40219.1
Project("{FAE04EC0-301F-11D3-BF4B-00C04F79EFBC}") = "Lab04 - 2", "Lab04 - 2.csproj", "{910F15F5-A0D0-4264-AEE7-D1AA80EBF3CB}"
EndProject
Global
	GlobalSection(SolutionConfigurationPlatforms) = preSolution
		Debug|Any CPU = Debug|Any CPU
		Release|Any CPU = Release|Any CPU
	EndGlobalSection
	GlobalSection(ProjectConfigurationPlatforms) = postSolution
		{910F15F5-A0D0-4264-AEE7-D1AA80EBF3CB}.Debug|Any CPU.ActiveCfg = Debug|Any CPU
		{910F15F5-A0D0-4264-AEE7-D1AA80EBF3CB}.Debug|Any CPU.Build.0 = Debug|Any CPU
		{910F15F5-A0D0-4264-AEE7-D1AA80EBF3CB}.Release|Any CPU.ActiveCfg = Release|Any CPU
		{910F15F5-A0D0-4264-AEE7-D1AA80EBF3CB}.Release|Any CPU.Build.0 = Release|Any CPU
	EndGlobalSection
	GlobalSection(SolutionProperties) = preSolution
		HideSolutionNode = FALSE
	EndGlobalSection
	GlobalSection(ExtensibilityGlobals) = postSolution
		SolutionGuid = {0B0D7E6F-56BA-4500-8416-8CB5C3251F49}
	EndGlobalSection
EndGlobal
